
Microsoft Visual Studio Solution File, Format Version 12.00
# Visual Studio Version 17
VisualStudioVersion = 17.0.31903.59
MinimumVisualStudioVersion = 10.0.40219.1
Project("{FAE04EC0-301F-11D3-BF4B-00C04F79EFBC}") = "project1(classlibrary)", "project1(classlibrary)\project1(classlibrary).csproj", "{814CCF4F-CEE1-4B60-B066-2EFDA7AC5CED}"
EndProject
Global
	GlobalSection(SolutionConfigurationPlatforms) = preSolution
		Debug|Any CPU = Debug|Any CPU
		Release|Any CPU = Release|Any CPU
	EndGlobalSection
	GlobalSection(SolutionProperties) = preSolution
		HideSolutionNode = FALSE
	EndGlobalSection
	GlobalSection(ProjectConfigurationPlatforms) = postSolution
		{814CCF4F-CEE1-4B60-B066-2EFDA7AC5CED}.Debug|Any CPU.ActiveCfg = Debug|Any CPU
		{814CCF4F-CEE1-4B60-B066-2EFDA7AC5CED}.Debug|Any CPU.Build.0 = Debug|Any CPU
		{814CCF4F-CEE1-4B60-B066-2EFDA7AC5CED}.Release|Any CPU.ActiveCfg = Release|Any CPU
		{814CCF4F-CEE1-4B60-B066-2EFDA7AC5CED}.Release|Any CPU.Build.0 = Release|Any CPU
	EndGlobalSection
EndGlobal
