
Microsoft Visual Studio Solution File, Format Version 12.00
# Visual Studio Version 17
VisualStudioVersion = 17.5.002.0
MinimumVisualStudioVersion = 10.0.40219.1
Project("{9A19103F-16F7-4668-BE54-9A1E7A4F7556}") = "ChessLibrary", "ChessLibrary.csproj", "{D2A4D338-7724-4421-905D-275ACB92957D}"
EndProject
Global
	GlobalSection(SolutionConfigurationPlatforms) = preSolution
		Debug|Any CPU = Debug|Any CPU
		Release|Any CPU = Release|Any CPU
	EndGlobalSection
	GlobalSection(ProjectConfigurationPlatforms) = postSolution
		{D2A4D338-7724-4421-905D-275ACB92957D}.Debug|Any CPU.ActiveCfg = Debug|Any CPU
		{D2A4D338-7724-4421-905D-275ACB92957D}.Debug|Any CPU.Build.0 = Debug|Any CPU
		{D2A4D338-7724-4421-905D-275ACB92957D}.Release|Any CPU.ActiveCfg = Release|Any CPU
		{D2A4D338-7724-4421-905D-275ACB92957D}.Release|Any CPU.Build.0 = Release|Any CPU
	EndGlobalSection
	GlobalSection(SolutionProperties) = preSolution
		HideSolutionNode = FALSE
	EndGlobalSection
	GlobalSection(ExtensibilityGlobals) = postSolution
		SolutionGuid = {78AE335C-E47F-45CD-8CE8-2D5DD4AD256F}
	EndGlobalSection
EndGlobal
