
Microsoft Visual Studio Solution File, Format Version 12.00
# Visual Studio Version 17
VisualStudioVersion = 17.0.31903.59
MinimumVisualStudioVersion = 10.0.40219.1
Project("{FAE04EC0-301F-11D3-BF4B-00C04F79EFBC}") = "TicTacToeMap", "TicTacToeMap\TicTacToeMap.csproj", "{02B2A4A4-F17E-4079-97E0-FD2C66B03A79}"
EndProject
Project("{FAE04EC0-301F-11D3-BF4B-00C04F79EFBC}") = "Tester", "Tester\Tester.csproj", "{8FCA4319-7E73-4D95-96F8-7A0963916465}"
EndProject
Global
	GlobalSection(SolutionConfigurationPlatforms) = preSolution
		Debug|Any CPU = Debug|Any CPU
		Release|Any CPU = Release|Any CPU
	EndGlobalSection
	GlobalSection(SolutionProperties) = preSolution
		HideSolutionNode = FALSE
	EndGlobalSection
	GlobalSection(ProjectConfigurationPlatforms) = postSolution
		{02B2A4A4-F17E-4079-97E0-FD2C66B03A79}.Debug|Any CPU.ActiveCfg = Debug|Any CPU
		{02B2A4A4-F17E-4079-97E0-FD2C66B03A79}.Debug|Any CPU.Build.0 = Debug|Any CPU
		{02B2A4A4-F17E-4079-97E0-FD2C66B03A79}.Release|Any CPU.ActiveCfg = Release|Any CPU
		{02B2A4A4-F17E-4079-97E0-FD2C66B03A79}.Release|Any CPU.Build.0 = Release|Any CPU
		{8FCA4319-7E73-4D95-96F8-7A0963916465}.Debug|Any CPU.ActiveCfg = Debug|Any CPU
		{8FCA4319-7E73-4D95-96F8-7A0963916465}.Debug|Any CPU.Build.0 = Debug|Any CPU
		{8FCA4319-7E73-4D95-96F8-7A0963916465}.Release|Any CPU.ActiveCfg = Release|Any CPU
		{8FCA4319-7E73-4D95-96F8-7A0963916465}.Release|Any CPU.Build.0 = Release|Any CPU
	EndGlobalSection
EndGlobal
